PODS:
  - Alamofire (5.6.1)
  - EmptyDataSet-Swift (5.0.0)
  - ESPullToRefresh (2.9.3)
  - FluentDarkModeKit (1.0.4)
  - GRDB.swift (5.23.0):
    - GRDB.swift/standard (= 5.23.0)
  - GRDB.swift/standard (5.23.0)
  - HandyJSON (5.0.2)
  - IQKeyboardManagerSwift (6.5.9)
  - Ji (5.0.0)
  - JXPhotoBrowser (3.1.3)
  - JXSegmentedView (1.3.0)
  - Kingfisher (7.2.1)
  - ProgressHUD (13.6)
  - ReactiveCocoa (12.0.0):
    - ReactiveSwift (~> 7.0)
  - ReactiveSwift (7.0.0)
  - SideMenu (6.5.0)
  - SnapKit (5.6.0)
  - SwiftyJSON (5.0.1)
  - Toast-Swift (5.0.1)

DEPENDENCIES:
  - Alamofire
  - EmptyDataSet-Swift
  - ESPullToRefresh
  - FluentDarkModeKit
  - GRDB.swift
  - HandyJSON
  - IQKeyboardManagerSwift
  - Ji
  - JXPhotoBrowser
  - JXSegmentedView
  - Kingfisher
  - ProgressHUD
  - ReactiveCocoa
  - SideMenu
  - SnapKit
  - SwiftyJSON
  - Toast-Swift

SPEC REPOS:
  https://gitee.com/mirrors/CocoaPods-Specs.git:
    - Alamofire
    - EmptyDataSet-Swift
    - ESPullToRefresh
    - FluentDarkModeKit
    - GRDB.swift
    - HandyJSON
    - IQKeyboardManagerSwift
    - Ji
    - JXPhotoBrowser
    - JXSegmentedView
    - Kingfisher
    - ProgressHUD
    - ReactiveCocoa
    - ReactiveSwift
    - SideMenu
    - SnapKit
    - SwiftyJSON
    - Toast-Swift

SPEC CHECKSUMS:
  Alamofire: 87bd8c952f9a4454320fce00d9cc3de57bcadaf5
  EmptyDataSet-Swift: eb382c0c87a2d9c678077385a595cec52da38171
  ESPullToRefresh: 0d68daa602b343c81753a1b95e09fd0bfcddfd40
  FluentDarkModeKit: b6317653a00329564582884772ec57c4eaad1a1f
  GRDB.swift: e4a950fe99d113ea5d24571d49eaae0062303c14
  HandyJSON: 9e4e236f5d2dbefad5155a77417bbea438201c03
  IQKeyboardManagerSwift: 6e839c575c4aa1078d58a596e41244e77abe918f
  Ji: d795fed288fe78658b404c88946d753b17d8d7f4
  JXPhotoBrowser: d32e94e1226d43bf5ed83164e3f5b651fed625e0
  JXSegmentedView: fec0d335355b6e019c494fe2e030bde8a36d2df6
  Kingfisher: 7c084bebf7d548c623ad41bcf765fb200efed369
  ProgressHUD: 4bdaa0d2ddf676b23324b199f9facffb5c3a1620
  ReactiveCocoa: 5d10386f0ce09f922006efbf784881c5fade27c5
  ReactiveSwift: 48c4b9d3b497e8dd20b10300bb1a28ff93550f13
  SideMenu: f583187d21c5b1dd04c72002be544b555a2627a2
  SnapKit: e01d52ebb8ddbc333eefe2132acf85c8227d9c25
  SwiftyJSON: 2f33a42c6fbc52764d96f13368585094bfd8aa5e
  Toast-Swift: 9b6a70f28b3bf0b96c40d46c0c4b9d6639846711

PODFILE CHECKSUM: ffaeb9b7522755eff048d9874cc006f5e318dbb9

COCOAPODS: 1.11.3
