PODS:
  - Alamofire (5.2.2)
  - EmptyDataSet-Swift (5.0.0)
  - HandyJSON (5.0.2)
  - IQKeyboardManagerSwift (6.5.5)
  - Kingfisher (5.14.1):
    - Kingfisher/Core (= 5.14.1)
  - Kingfisher/Core (5.14.1)
  - SideMenu (6.4.8)
  - SnapKit (5.0.1)
  - SQLite.swift (0.12.2):
    - SQLite.swift/standard (= 0.12.2)
  - SQLite.swift/standard (0.12.2)
  - SwiftyJSON (5.0.0)
  - Toast-Swift (5.0.1)

DEPENDENCIES:
  - Alamofire
  - EmptyDataSet-Swift
  - HandyJSON
  - IQKeyboardManagerSwift
  - Kingfisher
  - SideMenu
  - SnapKit
  - SQLite.swift
  - SwiftyJSON
  - Toast-Swift

SPEC REPOS:
  https://gitee.com/mirrors/CocoaPods-Specs.git:
    - Alamofire
    - EmptyDataSet-Swift
    - HandyJSON
    - IQKeyboardManagerSwift
    - Kingfisher
    - SideMenu
    - SnapKit
    - SQLite.swift
    - SwiftyJSON
    - Toast-Swift

SPEC CHECKSUMS:
  Alamofire: 814429acc853c6c54ff123fc3d2ef66803823ce0
  EmptyDataSet-Swift: eb382c0c87a2d9c678077385a595cec52da38171
  HandyJSON: 9e4e236f5d2dbefad5155a77417bbea438201c03
  IQKeyboardManagerSwift: 0fb93310284665245591f50f7a5e38de615960b7
  Kingfisher: 8050bc6f7f68cbf3908bd04df7ccbac188f6d6d6
  SideMenu: 4a891be552d30bb6fa87ad404d62e485f8450c34
  SnapKit: 97b92857e3df3a0c71833cce143274bf6ef8e5eb
  SQLite.swift: d2b4642190917051ce6bd1d49aab565fe794eea3
  SwiftyJSON: 36413e04c44ee145039d332b4f4e2d3e8d6c4db7
  Toast-Swift: 9b6a70f28b3bf0b96c40d46c0c4b9d6639846711

PODFILE CHECKSUM: 69591066e29a0b8f1371eb089f537ffa0cb63dd3

COCOAPODS: 1.9.1
