// !$*UTF8*$!
{
	archiveVersion = 1;
	classes = {
	};
	objectVersion = 51;
	objects = {

/* Begin PBXBuildFile section */
		144DF7229F99AE64219B0671 /* FileTool.swift in Sources */ = {isa = PBXBuildFile; fileRef = 144DFB00E6E5D7B0E0DDFD7C /* FileTool.swift */; };
		144DFD2D91D37148174C78FA /* sql in Resources */ = {isa = PBXBuildFile; fileRef = 144DF2F5CF03809F86997FAF /* sql */; };
		A9653EB024BD9BA00098AB1E /* AppDelegate.swift in Sources */ = {isa = PBXBuildFile; fileRef = A9653EAF24BD9BA00098AB1E /* AppDelegate.swift */; };
		A9653EB224BD9BA00098AB1E /* SceneDelegate.swift in Sources */ = {isa = PBXBuildFile; fileRef = A9653EB124BD9BA00098AB1E /* SceneDelegate.swift */; };
		A9653EB424BD9BA00098AB1E /* ViewController.swift in Sources */ = {isa = PBXBuildFile; fileRef = A9653EB324BD9BA00098AB1E /* ViewController.swift */; };
		A9653EB724BD9BA00098AB1E /* Main.storyboard in Resources */ = {isa = PBXBuildFile; fileRef = A9653EB524BD9BA00098AB1E /* Main.storyboard */; };
		A9653EB924BD9BAA0098AB1E /* Assets.xcassets in Resources */ = {isa = PBXBuildFile; fileRef = A9653EB824BD9BAA0098AB1E /* Assets.xcassets */; };
		A9653EBC24BD9BAA0098AB1E /* LaunchScreen.storyboard in Resources */ = {isa = PBXBuildFile; fileRef = A9653EBA24BD9BAA0098AB1E /* LaunchScreen.storyboard */; };
		A9653EC424BD9C680098AB1E /* Podfile in Resources */ = {isa = PBXBuildFile; fileRef = A9653EC324BD9C670098AB1E /* Podfile */; };
		A9653EDA24BDA0340098AB1E /* NSObject+extension.swift in Sources */ = {isa = PBXBuildFile; fileRef = A9653ED124BDA0330098AB1E /* NSObject+extension.swift */; };
		A9653EDB24BDA0340098AB1E /* UITextField+extension.swift in Sources */ = {isa = PBXBuildFile; fileRef = A9653ED224BDA0330098AB1E /* UITextField+extension.swift */; };
		A9653EDC24BDA0340098AB1E /* Dictionary+extension.swift in Sources */ = {isa = PBXBuildFile; fileRef = A9653ED324BDA0330098AB1E /* Dictionary+extension.swift */; };
		A9653EDD24BDA0340098AB1E /* UIImage+extension.swift in Sources */ = {isa = PBXBuildFile; fileRef = A9653ED424BDA0330098AB1E /* UIImage+extension.swift */; };
		A9653EDE24BDA0340098AB1E /* String+extension.swift in Sources */ = {isa = PBXBuildFile; fileRef = A9653ED524BDA0330098AB1E /* String+extension.swift */; };
		A9653EDF24BDA0340098AB1E /* UIColor+extension.swift in Sources */ = {isa = PBXBuildFile; fileRef = A9653ED624BDA0330098AB1E /* UIColor+extension.swift */; };
		A9653EE024BDA0340098AB1E /* UIView+extension.swift in Sources */ = {isa = PBXBuildFile; fileRef = A9653ED724BDA0340098AB1E /* UIView+extension.swift */; };
		A9653EE124BDA0340098AB1E /* UIButton+extension.swift in Sources */ = {isa = PBXBuildFile; fileRef = A9653ED824BDA0340098AB1E /* UIButton+extension.swift */; };
		A9653EE224BDA0340098AB1E /* Date+extension.swift in Sources */ = {isa = PBXBuildFile; fileRef = A9653ED924BDA0340098AB1E /* Date+extension.swift */; };
		A9653EE424BDA0720098AB1E /* BaseViewController.swift in Sources */ = {isa = PBXBuildFile; fileRef = A9653EE324BDA0720098AB1E /* BaseViewController.swift */; };
		A9653EE624BDA90E0098AB1E /* QYRequestData.swift in Sources */ = {isa = PBXBuildFile; fileRef = A9653EE524BDA90E0098AB1E /* QYRequestData.swift */; };
		A9653EE824BDB2160098AB1E /* Tool.swift in Sources */ = {isa = PBXBuildFile; fileRef = A9653EE724BDB2160098AB1E /* Tool.swift */; };
		A9653EEA24BEA2230098AB1E /* IndexViewController.swift in Sources */ = {isa = PBXBuildFile; fileRef = A9653EE924BEA2230098AB1E /* IndexViewController.swift */; };
		A9653EEC24BEA2F70098AB1E /* MineViewController.swift in Sources */ = {isa = PBXBuildFile; fileRef = A9653EEB24BEA2F70098AB1E /* MineViewController.swift */; };
		A9653EF024BEDDAA0098AB1E /* DataManagerTool.swift in Sources */ = {isa = PBXBuildFile; fileRef = A9653EEF24BEDDAA0098AB1E /* DataManagerTool.swift */; };
		A9653EF224BEDF5B0098AB1E /* sqlTool.swift in Sources */ = {isa = PBXBuildFile; fileRef = A9653EF124BEDF5B0098AB1E /* sqlTool.swift */; };
		A9653EF524C04B8D0098AB1E /* WebsiteModel.swift in Sources */ = {isa = PBXBuildFile; fileRef = A9653EF424C04B8D0098AB1E /* WebsiteModel.swift */; };
		A9653EF724C04C4F0098AB1E /* CartoonModel.swift in Sources */ = {isa = PBXBuildFile; fileRef = A9653EF624C04C4F0098AB1E /* CartoonModel.swift */; };
		A9653EF924C04C610098AB1E /* CategoryModel.swift in Sources */ = {isa = PBXBuildFile; fileRef = A9653EF824C04C610098AB1E /* CategoryModel.swift */; };
		A9653EFB24C04C6D0098AB1E /* PictureModel.swift in Sources */ = {isa = PBXBuildFile; fileRef = A9653EFA24C04C6D0098AB1E /* PictureModel.swift */; };
		A9653EFD24C04C7E0098AB1E /* CollectModel.swift in Sources */ = {isa = PBXBuildFile; fileRef = A9653EFC24C04C7E0098AB1E /* CollectModel.swift */; };
		A99B7C8D24C1880900DB3EBB /* config.swift in Sources */ = {isa = PBXBuildFile; fileRef = A99B7C8C24C1880900DB3EBB /* config.swift */; };
		A99B7C9024C18B3C00DB3EBB /* FzdmViewController.swift in Sources */ = {isa = PBXBuildFile; fileRef = A99B7C8F24C18B3C00DB3EBB /* FzdmViewController.swift */; };
		A99B7C9224C195B900DB3EBB /* ChapterModel.swift in Sources */ = {isa = PBXBuildFile; fileRef = A99B7C9124C195B900DB3EBB /* ChapterModel.swift */; };
		A99B7C9524C1997500DB3EBB /* ChapterCollectionViewCell.swift in Sources */ = {isa = PBXBuildFile; fileRef = A99B7C9324C1997500DB3EBB /* ChapterCollectionViewCell.swift */; };
		A99B7C9624C1997500DB3EBB /* ChapterCollectionViewCell.xib in Resources */ = {isa = PBXBuildFile; fileRef = A99B7C9424C1997500DB3EBB /* ChapterCollectionViewCell.xib */; };
		A99B7C9924C1998000DB3EBB /* CartoonCollectionViewCell.swift in Sources */ = {isa = PBXBuildFile; fileRef = A99B7C9724C1998000DB3EBB /* CartoonCollectionViewCell.swift */; };
		A99B7C9A24C1998000DB3EBB /* CartoonCollectionViewCell.xib in Resources */ = {isa = PBXBuildFile; fileRef = A99B7C9824C1998000DB3EBB /* CartoonCollectionViewCell.xib */; };
		A99B7C9D24C1999100DB3EBB /* HeaderCollectionReusableView.swift in Sources */ = {isa = PBXBuildFile; fileRef = A99B7C9B24C1999100DB3EBB /* HeaderCollectionReusableView.swift */; };
		A99B7C9E24C1999100DB3EBB /* HeaderCollectionReusableView.xib in Resources */ = {isa = PBXBuildFile; fileRef = A99B7C9C24C1999100DB3EBB /* HeaderCollectionReusableView.xib */; };
		D809989F9805E6889C1A027D /* Pods_UUCartoon.framework in Frameworks */ = {isa = PBXBuildFile; fileRef = 839A0DF0414B27A3CC996FFB /* Pods_UUCartoon.framework */; };
/* End PBXBuildFile section */

/* Begin PBXFileReference section */
		144DF2F5CF03809F86997FAF /* sql */ = {isa = PBXFileReference; fileEncoding = 4; lastKnownFileType = text; path = sql; sourceTree = "<group>"; };
		144DFB00E6E5D7B0E0DDFD7C /* FileTool.swift */ = {isa = PBXFileReference; fileEncoding = 4; lastKnownFileType = sourcecode.swift; path = FileTool.swift; sourceTree = "<group>"; };
		839A0DF0414B27A3CC996FFB /* Pods_UUCartoon.framework */ = {isa = PBXFileReference; explicitFileType = wrapper.framework; includeInIndex = 0; path = Pods_UUCartoon.framework; sourceTree = BUILT_PRODUCTS_DIR; };
		A9653EAC24BD9BA00098AB1E /* UUCartoon.app */ = {isa = PBXFileReference; explicitFileType = wrapper.application; includeInIndex = 0; path = UUCartoon.app; sourceTree = BUILT_PRODUCTS_DIR; };
		A9653EAF24BD9BA00098AB1E /* AppDelegate.swift */ = {isa = PBXFileReference; lastKnownFileType = sourcecode.swift; path = AppDelegate.swift; sourceTree = "<group>"; };
		A9653EB124BD9BA00098AB1E /* SceneDelegate.swift */ = {isa = PBXFileReference; lastKnownFileType = sourcecode.swift; path = SceneDelegate.swift; sourceTree = "<group>"; };
		A9653EB324BD9BA00098AB1E /* ViewController.swift */ = {isa = PBXFileReference; lastKnownFileType = sourcecode.swift; path = ViewController.swift; sourceTree = "<group>"; };
		A9653EB624BD9BA00098AB1E /* Base */ = {isa = PBXFileReference; lastKnownFileType = file.storyboard; name = Base; path = Base.lproj/Main.storyboard; sourceTree = "<group>"; };
		A9653EB824BD9BAA0098AB1E /* Assets.xcassets */ = {isa = PBXFileReference; lastKnownFileType = folder.assetcatalog; path = Assets.xcassets; sourceTree = "<group>"; };
		A9653EBB24BD9BAA0098AB1E /* Base */ = {isa = PBXFileReference; lastKnownFileType = file.storyboard; name = Base; path = Base.lproj/LaunchScreen.storyboard; sourceTree = "<group>"; };
		A9653EBD24BD9BAA0098AB1E /* Info.plist */ = {isa = PBXFileReference; lastKnownFileType = text.plist.xml; path = Info.plist; sourceTree = "<group>"; };
		A9653EC324BD9C670098AB1E /* Podfile */ = {isa = PBXFileReference; fileEncoding = 4; lastKnownFileType = text; path = Podfile; sourceTree = "<group>"; xcLanguageSpecificationIdentifier = xcode.lang.ruby; };
		A9653ED124BDA0330098AB1E /* NSObject+extension.swift */ = {isa = PBXFileReference; fileEncoding = 4; lastKnownFileType = sourcecode.swift; path = "NSObject+extension.swift"; sourceTree = "<group>"; };
		A9653ED224BDA0330098AB1E /* UITextField+extension.swift */ = {isa = PBXFileReference; fileEncoding = 4; lastKnownFileType = sourcecode.swift; path = "UITextField+extension.swift"; sourceTree = "<group>"; };
		A9653ED324BDA0330098AB1E /* Dictionary+extension.swift */ = {isa = PBXFileReference; fileEncoding = 4; lastKnownFileType = sourcecode.swift; path = "Dictionary+extension.swift"; sourceTree = "<group>"; };
		A9653ED424BDA0330098AB1E /* UIImage+extension.swift */ = {isa = PBXFileReference; fileEncoding = 4; lastKnownFileType = sourcecode.swift; path = "UIImage+extension.swift"; sourceTree = "<group>"; };
		A9653ED524BDA0330098AB1E /* String+extension.swift */ = {isa = PBXFileReference; fileEncoding = 4; lastKnownFileType = sourcecode.swift; path = "String+extension.swift"; sourceTree = "<group>"; };
		A9653ED624BDA0330098AB1E /* UIColor+extension.swift */ = {isa = PBXFileReference; fileEncoding = 4; lastKnownFileType = sourcecode.swift; path = "UIColor+extension.swift"; sourceTree = "<group>"; };
		A9653ED724BDA0340098AB1E /* UIView+extension.swift */ = {isa = PBXFileReference; fileEncoding = 4; lastKnownFileType = sourcecode.swift; path = "UIView+extension.swift"; sourceTree = "<group>"; };
		A9653ED824BDA0340098AB1E /* UIButton+extension.swift */ = {isa = PBXFileReference; fileEncoding = 4; lastKnownFileType = sourcecode.swift; path = "UIButton+extension.swift"; sourceTree = "<group>"; };
		A9653ED924BDA0340098AB1E /* Date+extension.swift */ = {isa = PBXFileReference; fileEncoding = 4; lastKnownFileType = sourcecode.swift; path = "Date+extension.swift"; sourceTree = "<group>"; };
		A9653EE324BDA0720098AB1E /* BaseViewController.swift */ = {isa = PBXFileReference; fileEncoding = 4; lastKnownFileType = sourcecode.swift; path = BaseViewController.swift; sourceTree = "<group>"; };
		A9653EE524BDA90E0098AB1E /* QYRequestData.swift */ = {isa = PBXFileReference; fileEncoding = 4; lastKnownFileType = sourcecode.swift; path = QYRequestData.swift; sourceTree = "<group>"; };
		A9653EE724BDB2160098AB1E /* Tool.swift */ = {isa = PBXFileReference; lastKnownFileType = sourcecode.swift; path = Tool.swift; sourceTree = "<group>"; };
		A9653EE924BEA2230098AB1E /* IndexViewController.swift */ = {isa = PBXFileReference; lastKnownFileType = sourcecode.swift; path = IndexViewController.swift; sourceTree = "<group>"; };
		A9653EEB24BEA2F70098AB1E /* MineViewController.swift */ = {isa = PBXFileReference; lastKnownFileType = sourcecode.swift; path = MineViewController.swift; sourceTree = "<group>"; };
		A9653EEF24BEDDAA0098AB1E /* DataManagerTool.swift */ = {isa = PBXFileReference; lastKnownFileType = sourcecode.swift; path = DataManagerTool.swift; sourceTree = "<group>"; };
		A9653EF124BEDF5B0098AB1E /* sqlTool.swift */ = {isa = PBXFileReference; lastKnownFileType = sourcecode.swift; path = sqlTool.swift; sourceTree = "<group>"; };
		A9653EF424C04B8D0098AB1E /* WebsiteModel.swift */ = {isa = PBXFileReference; lastKnownFileType = sourcecode.swift; path = WebsiteModel.swift; sourceTree = "<group>"; };
		A9653EF624C04C4F0098AB1E /* CartoonModel.swift */ = {isa = PBXFileReference; lastKnownFileType = sourcecode.swift; path = CartoonModel.swift; sourceTree = "<group>"; };
		A9653EF824C04C610098AB1E /* CategoryModel.swift */ = {isa = PBXFileReference; lastKnownFileType = sourcecode.swift; path = CategoryModel.swift; sourceTree = "<group>"; };
		A9653EFA24C04C6D0098AB1E /* PictureModel.swift */ = {isa = PBXFileReference; lastKnownFileType = sourcecode.swift; path = PictureModel.swift; sourceTree = "<group>"; };
		A9653EFC24C04C7E0098AB1E /* CollectModel.swift */ = {isa = PBXFileReference; lastKnownFileType = sourcecode.swift; path = CollectModel.swift; sourceTree = "<group>"; };
		A99B7C8C24C1880900DB3EBB /* config.swift */ = {isa = PBXFileReference; fileEncoding = 4; lastKnownFileType = sourcecode.swift; path = config.swift; sourceTree = "<group>"; };
		A99B7C8F24C18B3C00DB3EBB /* FzdmViewController.swift */ = {isa = PBXFileReference; lastKnownFileType = sourcecode.swift; path = FzdmViewController.swift; sourceTree = "<group>"; };
		A99B7C9124C195B900DB3EBB /* ChapterModel.swift */ = {isa = PBXFileReference; lastKnownFileType = sourcecode.swift; path = ChapterModel.swift; sourceTree = "<group>"; };
		A99B7C9324C1997500DB3EBB /* ChapterCollectionViewCell.swift */ = {isa = PBXFileReference; lastKnownFileType = sourcecode.swift; path = ChapterCollectionViewCell.swift; sourceTree = "<group>"; };
		A99B7C9424C1997500DB3EBB /* ChapterCollectionViewCell.xib */ = {isa = PBXFileReference; lastKnownFileType = file.xib; path = ChapterCollectionViewCell.xib; sourceTree = "<group>"; };
		A99B7C9724C1998000DB3EBB /* CartoonCollectionViewCell.swift */ = {isa = PBXFileReference; lastKnownFileType = sourcecode.swift; path = CartoonCollectionViewCell.swift; sourceTree = "<group>"; };
		A99B7C9824C1998000DB3EBB /* CartoonCollectionViewCell.xib */ = {isa = PBXFileReference; lastKnownFileType = file.xib; path = CartoonCollectionViewCell.xib; sourceTree = "<group>"; };
		A99B7C9B24C1999100DB3EBB /* HeaderCollectionReusableView.swift */ = {isa = PBXFileReference; lastKnownFileType = sourcecode.swift; path = HeaderCollectionReusableView.swift; sourceTree = "<group>"; };
		A99B7C9C24C1999100DB3EBB /* HeaderCollectionReusableView.xib */ = {isa = PBXFileReference; lastKnownFileType = file.xib; path = HeaderCollectionReusableView.xib; sourceTree = "<group>"; };
		B67310F4365BD6F8F98FBEEA /* Pods-UUCartoon.release.xcconfig */ = {isa = PBXFileReference; includeInIndex = 1; lastKnownFileType = text.xcconfig; name = "Pods-UUCartoon.release.xcconfig"; path = "Target Support Files/Pods-UUCartoon/Pods-UUCartoon.release.xcconfig"; sourceTree = "<group>"; };
		CE5D49EAD0E59961112CC347 /* Pods-UUCartoon.debug.xcconfig */ = {isa = PBXFileReference; includeInIndex = 1; lastKnownFileType = text.xcconfig; name = "Pods-UUCartoon.debug.xcconfig"; path = "Target Support Files/Pods-UUCartoon/Pods-UUCartoon.debug.xcconfig"; sourceTree = "<group>"; };
/* End PBXFileReference section */

/* Begin PBXFrameworksBuildPhase section */
		A9653EA924BD9BA00098AB1E /* Frameworks */ = {
			isa = PBXFrameworksBuildPhase;
			buildActionMask = 2147483647;
			files = (
				D809989F9805E6889C1A027D /* Pods_UUCartoon.framework in Frameworks */,
			);
			runOnlyForDeploymentPostprocessing = 0;
		};
/* End PBXFrameworksBuildPhase section */

/* Begin PBXGroup section */
		0C8A5064196EBC9A1C874327 /* Frameworks */ = {
			isa = PBXGroup;
			children = (
				839A0DF0414B27A3CC996FFB /* Pods_UUCartoon.framework */,
			);
			name = Frameworks;
			sourceTree = "<group>";
		};
		A9653EA324BD9BA00098AB1E = {
			isa = PBXGroup;
			children = (
				A9653EC324BD9C670098AB1E /* Podfile */,
				A9653EAE24BD9BA00098AB1E /* UUCartoon */,
				A9653EAD24BD9BA00098AB1E /* Products */,
				C4F5648BBF322AEF8EC871CA /* Pods */,
				0C8A5064196EBC9A1C874327 /* Frameworks */,
			);
			sourceTree = "<group>";
		};
		A9653EAD24BD9BA00098AB1E /* Products */ = {
			isa = PBXGroup;
			children = (
				A9653EAC24BD9BA00098AB1E /* UUCartoon.app */,
			);
			name = Products;
			sourceTree = "<group>";
		};
		A9653EAE24BD9BA00098AB1E /* UUCartoon */ = {
			isa = PBXGroup;
			children = (
				A9653EF324BFE8460098AB1E /* file */,
				A9653ECF24BD9F6D0098AB1E /* category */,
				A9653EC824BD9F350098AB1E /* index */,
				A9653EC724BD9F310098AB1E /* mine */,
				A9653EC624BD9F210098AB1E /* Tool */,
				A9653EC524BD9F190098AB1E /* base */,
				A9653EAF24BD9BA00098AB1E /* AppDelegate.swift */,
				A9653EB124BD9BA00098AB1E /* SceneDelegate.swift */,
				A9653EB324BD9BA00098AB1E /* ViewController.swift */,
				A9653EB524BD9BA00098AB1E /* Main.storyboard */,
				A9653EB824BD9BAA0098AB1E /* Assets.xcassets */,
				A9653EBA24BD9BAA0098AB1E /* LaunchScreen.storyboard */,
				A9653EBD24BD9BAA0098AB1E /* Info.plist */,
			);
			path = UUCartoon;
			sourceTree = "<group>";
		};
		A9653EC524BD9F190098AB1E /* base */ = {
			isa = PBXGroup;
			children = (
				A99B7C8C24C1880900DB3EBB /* config.swift */,
				A9653EE324BDA0720098AB1E /* BaseViewController.swift */,
			);
			path = base;
			sourceTree = "<group>";
		};
		A9653EC624BD9F210098AB1E /* Tool */ = {
			isa = PBXGroup;
			children = (
				A9653EE524BDA90E0098AB1E /* QYRequestData.swift */,
				A9653EE724BDB2160098AB1E /* Tool.swift */,
				144DFB00E6E5D7B0E0DDFD7C /* FileTool.swift */,
				A9653EEF24BEDDAA0098AB1E /* DataManagerTool.swift */,
				A9653EF124BEDF5B0098AB1E /* sqlTool.swift */,
			);
			path = Tool;
			sourceTree = "<group>";
		};
		A9653EC724BD9F310098AB1E /* mine */ = {
			isa = PBXGroup;
			children = (
				A9653ECE24BD9F650098AB1E /* model */,
				A9653ECD24BD9F5C0098AB1E /* controller */,
				A9653ECC24BD9F550098AB1E /* view */,
			);
			path = mine;
			sourceTree = "<group>";
		};
		A9653EC824BD9F350098AB1E /* index */ = {
			isa = PBXGroup;
			children = (
				A9653ECB24BD9F4E0098AB1E /* view */,
				A9653ECA24BD9F470098AB1E /* controller */,
				A9653EC924BD9F3E0098AB1E /* model */,
			);
			path = index;
			sourceTree = "<group>";
		};
		A9653EC924BD9F3E0098AB1E /* model */ = {
			isa = PBXGroup;
			children = (
				A9653EF424C04B8D0098AB1E /* WebsiteModel.swift */,
				A9653EF624C04C4F0098AB1E /* CartoonModel.swift */,
				A9653EF824C04C610098AB1E /* CategoryModel.swift */,
				A9653EFA24C04C6D0098AB1E /* PictureModel.swift */,
				A99B7C9124C195B900DB3EBB /* ChapterModel.swift */,
			);
			path = model;
			sourceTree = "<group>";
		};
		A9653ECA24BD9F470098AB1E /* controller */ = {
			isa = PBXGroup;
			children = (
				A9653EE924BEA2230098AB1E /* IndexViewController.swift */,
				A99B7C8F24C18B3C00DB3EBB /* FzdmViewController.swift */,
			);
			path = controller;
			sourceTree = "<group>";
		};
		A9653ECB24BD9F4E0098AB1E /* view */ = {
			isa = PBXGroup;
			children = (
				A99B7C9324C1997500DB3EBB /* ChapterCollectionViewCell.swift */,
				A99B7C9424C1997500DB3EBB /* ChapterCollectionViewCell.xib */,
				A99B7C9724C1998000DB3EBB /* CartoonCollectionViewCell.swift */,
				A99B7C9824C1998000DB3EBB /* CartoonCollectionViewCell.xib */,
				A99B7C9B24C1999100DB3EBB /* HeaderCollectionReusableView.swift */,
				A99B7C9C24C1999100DB3EBB /* HeaderCollectionReusableView.xib */,
			);
			path = view;
			sourceTree = "<group>";
		};
		A9653ECC24BD9F550098AB1E /* view */ = {
			isa = PBXGroup;
			children = (
			);
			path = view;
			sourceTree = "<group>";
		};
		A9653ECD24BD9F5C0098AB1E /* controller */ = {
			isa = PBXGroup;
			children = (
				A9653EEB24BEA2F70098AB1E /* MineViewController.swift */,
			);
			path = controller;
			sourceTree = "<group>";
		};
		A9653ECE24BD9F650098AB1E /* model */ = {
			isa = PBXGroup;
			children = (
				A9653EFC24C04C7E0098AB1E /* CollectModel.swift */,
			);
			path = model;
			sourceTree = "<group>";
		};
		A9653ECF24BD9F6D0098AB1E /* category */ = {
			isa = PBXGroup;
			children = (
				A9653ED924BDA0340098AB1E /* Date+extension.swift */,
				A9653ED324BDA0330098AB1E /* Dictionary+extension.swift */,
				A9653ED124BDA0330098AB1E /* NSObject+extension.swift */,
				A9653ED524BDA0330098AB1E /* String+extension.swift */,
				A9653ED824BDA0340098AB1E /* UIButton+extension.swift */,
				A9653ED624BDA0330098AB1E /* UIColor+extension.swift */,
				A9653ED424BDA0330098AB1E /* UIImage+extension.swift */,
				A9653ED224BDA0330098AB1E /* UITextField+extension.swift */,
				A9653ED724BDA0340098AB1E /* UIView+extension.swift */,
			);
			path = category;
			sourceTree = "<group>";
		};
		A9653EF324BFE8460098AB1E /* file */ = {
			isa = PBXGroup;
			children = (
				144DF2F5CF03809F86997FAF /* sql */,
			);
			path = file;
			sourceTree = "<group>";
		};
		C4F5648BBF322AEF8EC871CA /* Pods */ = {
			isa = PBXGroup;
			children = (
				CE5D49EAD0E59961112CC347 /* Pods-UUCartoon.debug.xcconfig */,
				B67310F4365BD6F8F98FBEEA /* Pods-UUCartoon.release.xcconfig */,
			);
			path = Pods;
			sourceTree = "<group>";
		};
/* End PBXGroup section */

/* Begin PBXNativeTarget section */
		A9653EAB24BD9BA00098AB1E /* UUCartoon */ = {
			isa = PBXNativeTarget;
			buildConfigurationList = A9653EC024BD9BAA0098AB1E /* Build configuration list for PBXNativeTarget "UUCartoon" */;
			buildPhases = (
				FD4CFC1F23958E8CB7443896 /* [CP] Check Pods Manifest.lock */,
				A9653EA824BD9BA00098AB1E /* Sources */,
				A9653EA924BD9BA00098AB1E /* Frameworks */,
				A9653EAA24BD9BA00098AB1E /* Resources */,
				7D3F5362237969877B1AB047 /* [CP] Embed Pods Frameworks */,
			);
			buildRules = (
			);
			dependencies = (
			);
			name = UUCartoon;
			productName = UUCartoon;
			productReference = A9653EAC24BD9BA00098AB1E /* UUCartoon.app */;
			productType = "com.apple.product-type.application";
		};
/* End PBXNativeTarget section */

/* Begin PBXProject section */
		A9653EA424BD9BA00098AB1E /* Project object */ = {
			isa = PBXProject;
			attributes = {
				LastSwiftUpdateCheck = 1150;
				LastUpgradeCheck = 1200;
				ORGANIZATIONNAME = qykj;
				TargetAttributes = {
					A9653EAB24BD9BA00098AB1E = {
						CreatedOnToolsVersion = 11.5;
					};
				};
			};
			buildConfigurationList = A9653EA724BD9BA00098AB1E /* Build configuration list for PBXProject "UUCartoon" */;
			compatibilityVersion = "Xcode 9.3";
			developmentRegion = en;
			hasScannedForEncodings = 0;
			knownRegions = (
				en,
				Base,
			);
			mainGroup = A9653EA324BD9BA00098AB1E;
			productRefGroup = A9653EAD24BD9BA00098AB1E /* Products */;
			projectDirPath = "";
			projectRoot = "";
			targets = (
				A9653EAB24BD9BA00098AB1E /* UUCartoon */,
			);
		};
/* End PBXProject section */

/* Begin PBXResourcesBuildPhase section */
		A9653EAA24BD9BA00098AB1E /* Resources */ = {
			isa = PBXResourcesBuildPhase;
			buildActionMask = 2147483647;
			files = (
				A99B7C9E24C1999100DB3EBB /* HeaderCollectionReusableView.xib in Resources */,
				A99B7C9A24C1998000DB3EBB /* CartoonCollectionViewCell.xib in Resources */,
				A99B7C9624C1997500DB3EBB /* ChapterCollectionViewCell.xib in Resources */,
				A9653EBC24BD9BAA0098AB1E /* LaunchScreen.storyboard in Resources */,
				A9653EB924BD9BAA0098AB1E /* Assets.xcassets in Resources */,
				A9653EC424BD9C680098AB1E /* Podfile in Resources */,
				A9653EB724BD9BA00098AB1E /* Main.storyboard in Resources */,
				144DFD2D91D37148174C78FA /* sql in Resources */,
			);
			runOnlyForDeploymentPostprocessing = 0;
		};
/* End PBXResourcesBuildPhase section */

/* Begin PBXShellScriptBuildPhase section */
		7D3F5362237969877B1AB047 /* [CP] Embed Pods Frameworks */ = {
			isa = PBXShellScriptBuildPhase;
			buildActionMask = 2147483647;
			files = (
			);
			inputFileListPaths = (
				"${PODS_ROOT}/Target Support Files/Pods-UUCartoon/Pods-UUCartoon-frameworks-${CONFIGURATION}-input-files.xcfilelist",
			);
			name = "[CP] Embed Pods Frameworks";
			outputFileListPaths = (
				"${PODS_ROOT}/Target Support Files/Pods-UUCartoon/Pods-UUCartoon-frameworks-${CONFIGURATION}-output-files.xcfilelist",
			);
			runOnlyForDeploymentPostprocessing = 0;
			shellPath = /bin/sh;
			shellScript = "\"${PODS_ROOT}/Target Support Files/Pods-UUCartoon/Pods-UUCartoon-frameworks.sh\"\n";
			showEnvVarsInLog = 0;
		};
		FD4CFC1F23958E8CB7443896 /* [CP] Check Pods Manifest.lock */ = {
			isa = PBXShellScriptBuildPhase;
			buildActionMask = 2147483647;
			files = (
			);
			inputFileListPaths = (
			);
			inputPaths = (
				"${PODS_PODFILE_DIR_PATH}/Podfile.lock",
				"${PODS_ROOT}/Manifest.lock",
			);
			name = "[CP] Check Pods Manifest.lock";
			outputFileListPaths = (
			);
			outputPaths = (
				"$(DERIVED_FILE_DIR)/Pods-UUCartoon-checkManifestLockResult.txt",
			);
			runOnlyForDeploymentPostprocessing = 0;
			shellPath = /bin/sh;
			shellScript = "diff \"${PODS_PODFILE_DIR_PATH}/Podfile.lock\" \"${PODS_ROOT}/Manifest.lock\" > /dev/null\nif [ $? != 0 ] ; then\n    # print error to STDERR\n    echo \"error: The sandbox is not in sync with the Podfile.lock. Run 'pod install' or update your CocoaPods installation.\" >&2\n    exit 1\nfi\n# This output is used by Xcode 'outputs' to avoid re-running this script phase.\necho \"SUCCESS\" > \"${SCRIPT_OUTPUT_FILE_0}\"\n";
			showEnvVarsInLog = 0;
		};
/* End PBXShellScriptBuildPhase section */

/* Begin PBXSourcesBuildPhase section */
		A9653EA824BD9BA00098AB1E /* Sources */ = {
			isa = PBXSourcesBuildPhase;
			buildActionMask = 2147483647;
			files = (
				A9653EF724C04C4F0098AB1E /* CartoonModel.swift in Sources */,
				A9653EE424BDA0720098AB1E /* BaseViewController.swift in Sources */,
				A9653EE024BDA0340098AB1E /* UIView+extension.swift in Sources */,
				A9653EE224BDA0340098AB1E /* Date+extension.swift in Sources */,
				A9653EE824BDB2160098AB1E /* Tool.swift in Sources */,
				A9653EF524C04B8D0098AB1E /* WebsiteModel.swift in Sources */,
				A99B7C9024C18B3C00DB3EBB /* FzdmViewController.swift in Sources */,
				A9653EF924C04C610098AB1E /* CategoryModel.swift in Sources */,
				A9653EF024BEDDAA0098AB1E /* DataManagerTool.swift in Sources */,
				A9653EDE24BDA0340098AB1E /* String+extension.swift in Sources */,
				A9653EE124BDA0340098AB1E /* UIButton+extension.swift in Sources */,
				A9653EDB24BDA0340098AB1E /* UITextField+extension.swift in Sources */,
				A9653EB424BD9BA00098AB1E /* ViewController.swift in Sources */,
				A99B7C9D24C1999100DB3EBB /* HeaderCollectionReusableView.swift in Sources */,
				A9653EDF24BDA0340098AB1E /* UIColor+extension.swift in Sources */,
				A9653EF224BEDF5B0098AB1E /* sqlTool.swift in Sources */,
				A9653EB024BD9BA00098AB1E /* AppDelegate.swift in Sources */,
				A9653EB224BD9BA00098AB1E /* SceneDelegate.swift in Sources */,
				A9653EEA24BEA2230098AB1E /* IndexViewController.swift in Sources */,
				A9653EEC24BEA2F70098AB1E /* MineViewController.swift in Sources */,
				A9653EFB24C04C6D0098AB1E /* PictureModel.swift in Sources */,
				A99B7C8D24C1880900DB3EBB /* config.swift in Sources */,
				A99B7C9924C1998000DB3EBB /* CartoonCollectionViewCell.swift in Sources */,
				A99B7C9224C195B900DB3EBB /* ChapterModel.swift in Sources */,
				A9653EDD24BDA0340098AB1E /* UIImage+extension.swift in Sources */,
				A99B7C9524C1997500DB3EBB /* ChapterCollectionViewCell.swift in Sources */,
				A9653EFD24C04C7E0098AB1E /* CollectModel.swift in Sources */,
				A9653EDA24BDA0340098AB1E /* NSObject+extension.swift in Sources */,
				A9653EDC24BDA0340098AB1E /* Dictionary+extension.swift in Sources */,
				A9653EE624BDA90E0098AB1E /* QYRequestData.swift in Sources */,
				144DF7229F99AE64219B0671 /* FileTool.swift in Sources */,
			);
			runOnlyForDeploymentPostprocessing = 0;
		};
/* End PBXSourcesBuildPhase section */

/* Begin PBXVariantGroup section */
		A9653EB524BD9BA00098AB1E /* Main.storyboard */ = {
			isa = PBXVariantGroup;
			children = (
				A9653EB624BD9BA00098AB1E /* Base */,
			);
			name = Main.storyboard;
			sourceTree = "<group>";
		};
		A9653EBA24BD9BAA0098AB1E /* LaunchScreen.storyboard */ = {
			isa = PBXVariantGroup;
			children = (
				A9653EBB24BD9BAA0098AB1E /* Base */,
			);
			name = LaunchScreen.storyboard;
			sourceTree = "<group>";
		};
/* End PBXVariantGroup section */

/* Begin XCBuildConfiguration section */
		A9653EBE24BD9BAA0098AB1E /* Debug */ = {
			isa = XCBuildConfiguration;
			buildSettings = {
				ALWAYS_SEARCH_USER_PATHS = NO;
				CLANG_ANALYZER_NONNULL = YES;
				CLANG_ANALYZER_NUMBER_OBJECT_CONVERSION = YES_AGGRESSIVE;
				CLANG_CXX_LANGUAGE_STANDARD = "gnu++14";
				CLANG_CXX_LIBRARY = "libc++";
				CLANG_ENABLE_MODULES = YES;
				CLANG_ENABLE_OBJC_ARC = YES;
				CLANG_ENABLE_OBJC_WEAK = YES;
				CLANG_WARN_BLOCK_CAPTURE_AUTORELEASING = YES;
				CLANG_WARN_BOOL_CONVERSION = YES;
				CLANG_WARN_COMMA = YES;
				CLANG_WARN_CONSTANT_CONVERSION = YES;
				CLANG_WARN_DEPRECATED_OBJC_IMPLEMENTATIONS = YES;
				CLANG_WARN_DIRECT_OBJC_ISA_USAGE = YES_ERROR;
				CLANG_WARN_DOCUMENTATION_COMMENTS = YES;
				CLANG_WARN_EMPTY_BODY = YES;
				CLANG_WARN_ENUM_CONVERSION = YES;
				CLANG_WARN_INFINITE_RECURSION = YES;
				CLANG_WARN_INT_CONVERSION = YES;
				CLANG_WARN_NON_LITERAL_NULL_CONVERSION = YES;
				CLANG_WARN_OBJC_IMPLICIT_RETAIN_SELF = YES;
				CLANG_WARN_OBJC_LITERAL_CONVERSION = YES;
				CLANG_WARN_OBJC_ROOT_CLASS = YES_ERROR;
				CLANG_WARN_QUOTED_INCLUDE_IN_FRAMEWORK_HEADER = YES;
				CLANG_WARN_RANGE_LOOP_ANALYSIS = YES;
				CLANG_WARN_STRICT_PROTOTYPES = YES;
				CLANG_WARN_SUSPICIOUS_MOVE = YES;
				CLANG_WARN_UNGUARDED_AVAILABILITY = YES_AGGRESSIVE;
				CLANG_WARN_UNREACHABLE_CODE = YES;
				CLANG_WARN__DUPLICATE_METHOD_MATCH = YES;
				COPY_PHASE_STRIP = NO;
				DEBUG_INFORMATION_FORMAT = dwarf;
				ENABLE_STRICT_OBJC_MSGSEND = YES;
				ENABLE_TESTABILITY = YES;
				GCC_C_LANGUAGE_STANDARD = gnu11;
				GCC_DYNAMIC_NO_PIC = NO;
				GCC_NO_COMMON_BLOCKS = YES;
				GCC_OPTIMIZATION_LEVEL = 0;
				GCC_PREPROCESSOR_DEFINITIONS = (
					"DEBUG=1",
					"$(inherited)",
				);
				GCC_WARN_64_TO_32_BIT_CONVERSION = YES;
				GCC_WARN_ABOUT_RETURN_TYPE = YES_ERROR;
				GCC_WARN_UNDECLARED_SELECTOR = YES;
				GCC_WARN_UNINITIALIZED_AUTOS = YES_AGGRESSIVE;
				GCC_WARN_UNUSED_FUNCTION = YES;
				GCC_WARN_UNUSED_VARIABLE = YES;
				IPHONEOS_DEPLOYMENT_TARGET = 13.5;
				MTL_ENABLE_DEBUG_INFO = INCLUDE_SOURCE;
				MTL_FAST_MATH = YES;
				ONLY_ACTIVE_ARCH = YES;
				SDKROOT = iphoneos;
				SWIFT_ACTIVE_COMPILATION_CONDITIONS = DEBUG;
				SWIFT_OPTIMIZATION_LEVEL = "-Onone";
			};
			name = Debug;
		};
		A9653EBF24BD9BAA0098AB1E /* Release */ = {
			isa = XCBuildConfiguration;
			buildSettings = {
				ALWAYS_SEARCH_USER_PATHS = NO;
				CLANG_ANALYZER_NONNULL = YES;
				CLANG_ANALYZER_NUMBER_OBJECT_CONVERSION = YES_AGGRESSIVE;
				CLANG_CXX_LANGUAGE_STANDARD = "gnu++14";
				CLANG_CXX_LIBRARY = "libc++";
				CLANG_ENABLE_MODULES = YES;
				CLANG_ENABLE_OBJC_ARC = YES;
				CLANG_ENABLE_OBJC_WEAK = YES;
				CLANG_WARN_BLOCK_CAPTURE_AUTORELEASING = YES;
				CLANG_WARN_BOOL_CONVERSION = YES;
				CLANG_WARN_COMMA = YES;
				CLANG_WARN_CONSTANT_CONVERSION = YES;
				CLANG_WARN_DEPRECATED_OBJC_IMPLEMENTATIONS = YES;
				CLANG_WARN_DIRECT_OBJC_ISA_USAGE = YES_ERROR;
				CLANG_WARN_DOCUMENTATION_COMMENTS = YES;
				CLANG_WARN_EMPTY_BODY = YES;
				CLANG_WARN_ENUM_CONVERSION = YES;
				CLANG_WARN_INFINITE_RECURSION = YES;
				CLANG_WARN_INT_CONVERSION = YES;
				CLANG_WARN_NON_LITERAL_NULL_CONVERSION = YES;
				CLANG_WARN_OBJC_IMPLICIT_RETAIN_SELF = YES;
				CLANG_WARN_OBJC_LITERAL_CONVERSION = YES;
				CLANG_WARN_OBJC_ROOT_CLASS = YES_ERROR;
				CLANG_WARN_QUOTED_INCLUDE_IN_FRAMEWORK_HEADER = YES;
				CLANG_WARN_RANGE_LOOP_ANALYSIS = YES;
				CLANG_WARN_STRICT_PROTOTYPES = YES;
				CLANG_WARN_SUSPICIOUS_MOVE = YES;
				CLANG_WARN_UNGUARDED_AVAILABILITY = YES_AGGRESSIVE;
				CLANG_WARN_UNREACHABLE_CODE = YES;
				CLANG_WARN__DUPLICATE_METHOD_MATCH = YES;
				COPY_PHASE_STRIP = NO;
				DEBUG_INFORMATION_FORMAT = "dwarf-with-dsym";
				ENABLE_NS_ASSERTIONS = NO;
				ENABLE_STRICT_OBJC_MSGSEND = YES;
				GCC_C_LANGUAGE_STANDARD = gnu11;
				GCC_NO_COMMON_BLOCKS = YES;
				GCC_WARN_64_TO_32_BIT_CONVERSION = YES;
				GCC_WARN_ABOUT_RETURN_TYPE = YES_ERROR;
				GCC_WARN_UNDECLARED_SELECTOR = YES;
				GCC_WARN_UNINITIALIZED_AUTOS = YES_AGGRESSIVE;
				GCC_WARN_UNUSED_FUNCTION = YES;
				GCC_WARN_UNUSED_VARIABLE = YES;
				IPHONEOS_DEPLOYMENT_TARGET = 13.5;
				MTL_ENABLE_DEBUG_INFO = NO;
				MTL_FAST_MATH = YES;
				SDKROOT = iphoneos;
				SWIFT_COMPILATION_MODE = wholemodule;
				SWIFT_OPTIMIZATION_LEVEL = "-O";
				VALIDATE_PRODUCT = YES;
			};
			name = Release;
		};
		A9653EC124BD9BAA0098AB1E /* Debug */ = {
			isa = XCBuildConfiguration;
			baseConfigurationReference = CE5D49EAD0E59961112CC347 /* Pods-UUCartoon.debug.xcconfig */;
			buildSettings = {
				ASSETCATALOG_COMPILER_APPICON_NAME = AppIcon;
				CODE_SIGN_STYLE = Automatic;
				DEVELOPMENT_TEAM = 3KW2TU676U;
				INFOPLIST_FILE = UUCartoon/Info.plist;
				LD_RUNPATH_SEARCH_PATHS = (
					"$(inherited)",
					"@executable_path/Frameworks",
				);
				PRODUCT_BUNDLE_IDENTIFIER = com.qystudio.UUCartoon;
				PRODUCT_NAME = "$(TARGET_NAME)";
				SWIFT_VERSION = 5.0;
				TARGETED_DEVICE_FAMILY = "1,2";
			};
			name = Debug;
		};
		A9653EC224BD9BAA0098AB1E /* Release */ = {
			isa = XCBuildConfiguration;
			baseConfigurationReference = B67310F4365BD6F8F98FBEEA /* Pods-UUCartoon.release.xcconfig */;
			buildSettings = {
				ASSETCATALOG_COMPILER_APPICON_NAME = AppIcon;
				CODE_SIGN_STYLE = Automatic;
				DEVELOPMENT_TEAM = 3KW2TU676U;
				INFOPLIST_FILE = UUCartoon/Info.plist;
				LD_RUNPATH_SEARCH_PATHS = (
					"$(inherited)",
					"@executable_path/Frameworks",
				);
				PRODUCT_BUNDLE_IDENTIFIER = com.qystudio.UUCartoon;
				PRODUCT_NAME = "$(TARGET_NAME)";
				SWIFT_VERSION = 5.0;
				TARGETED_DEVICE_FAMILY = "1,2";
			};
			name = Release;
		};
/* End XCBuildConfiguration section */

/* Begin XCConfigurationList section */
		A9653EA724BD9BA00098AB1E /* Build configuration list for PBXProject "UUCartoon" */ = {
			isa = XCConfigurationList;
			buildConfigurations = (
				A9653EBE24BD9BAA0098AB1E /* Debug */,
				A9653EBF24BD9BAA0098AB1E /* Release */,
			);
			defaultConfigurationIsVisible = 0;
			defaultConfigurationName = Release;
		};
		A9653EC024BD9BAA0098AB1E /* Build configuration list for PBXNativeTarget "UUCartoon" */ = {
			isa = XCConfigurationList;
			buildConfigurations = (
				A9653EC124BD9BAA0098AB1E /* Debug */,
				A9653EC224BD9BAA0098AB1E /* Release */,
			);
			defaultConfigurationIsVisible = 0;
			defaultConfigurationName = Release;
		};
/* End XCConfigurationList section */
	};
	rootObject = A9653EA424BD9BA00098AB1E /* Project object */;
}
